
Microsoft Visual Studio Solution File, Format Version 12.00
# Visual Studio Version 16
VisualStudioVersion = 16.0.30523.141
MinimumVisualStudioVersion = 10.0.40219.1
Project("{9A19103F-16F7-4668-BE54-9A1E7A4F7556}") = "TestApp", "TestApp\TestApp.csproj", "{D4231E99-D19E-4A4D-AEB4-C9853BB72617}"
EndProject
Project("{9A19103F-16F7-4668-BE54-9A1E7A4F7556}") = "Api", "Api\Api.csproj", "{525E2DDA-A278-4090-9AB8-B1CEDA62C9B8}"
EndProject
Project("{9A19103F-16F7-4668-BE54-9A1E7A4F7556}") = "TestApp.MSUnitTests", "TestApp.MSUnitTests\TestApp.MSUnitTests.csproj", "{EFABA12B-40B2-41E3-BD2E-1C9876FB15C0}"
EndProject
Project("{9A19103F-16F7-4668-BE54-9A1E7A4F7556}") = "TestApp.xUnitTests", "TestApp.xUnitTests\TestApp.xUnitTests.csproj", "{23E9E798-7311-4A89-B0DF-2E3E56D63C61}"
EndProject
Project("{2150E333-8FDC-42A3-9474-1A3956D46DE8}") = "Solution Items", "Solution Items", "{96DF09AF-66A9-4608-B60B-779DFC9A9D29}"
	ProjectSection(SolutionItems) = preProject
		test-method.snippet = test-method.snippet
	EndProjectSection
EndProject
Project("{FAE04EC0-301F-11D3-BF4B-00C04F79EFBC}") = "WebApi", "WebApi\WebApi.csproj", "{B5AE6AC9-EC54-4A44-8A23-D58F04C953B6}"
EndProject
Project("{FAE04EC0-301F-11D3-BF4B-00C04F79EFBC}") = "WebApi.IntegrationTests", "WebApi.IntegrationTests\WebApi.IntegrationTests.csproj", "{3053708B-3641-42D8-AE01-465F80D3D6D1}"
EndProject
Global
	GlobalSection(SolutionConfigurationPlatforms) = preSolution
		Debug|Any CPU = Debug|Any CPU
		Release|Any CPU = Release|Any CPU
	EndGlobalSection
	GlobalSection(ProjectConfigurationPlatforms) = postSolution
		{D4231E99-D19E-4A4D-AEB4-C9853BB72617}.Debug|Any CPU.ActiveCfg = Debug|Any CPU
		{D4231E99-D19E-4A4D-AEB4-C9853BB72617}.Debug|Any CPU.Build.0 = Debug|Any CPU
		{D4231E99-D19E-4A4D-AEB4-C9853BB72617}.Release|Any CPU.ActiveCfg = Release|Any CPU
		{D4231E99-D19E-4A4D-AEB4-C9853BB72617}.Release|Any CPU.Build.0 = Release|Any CPU
		{525E2DDA-A278-4090-9AB8-B1CEDA62C9B8}.Debug|Any CPU.ActiveCfg = Debug|Any CPU
		{525E2DDA-A278-4090-9AB8-B1CEDA62C9B8}.Debug|Any CPU.Build.0 = Debug|Any CPU
		{525E2DDA-A278-4090-9AB8-B1CEDA62C9B8}.Release|Any CPU.ActiveCfg = Release|Any CPU
		{525E2DDA-A278-4090-9AB8-B1CEDA62C9B8}.Release|Any CPU.Build.0 = Release|Any CPU
		{EFABA12B-40B2-41E3-BD2E-1C9876FB15C0}.Debug|Any CPU.ActiveCfg = Debug|Any CPU
		{EFABA12B-40B2-41E3-BD2E-1C9876FB15C0}.Debug|Any CPU.Build.0 = Debug|Any CPU
		{EFABA12B-40B2-41E3-BD2E-1C9876FB15C0}.Release|Any CPU.ActiveCfg = Release|Any CPU
		{EFABA12B-40B2-41E3-BD2E-1C9876FB15C0}.Release|Any CPU.Build.0 = Release|Any CPU
		{23E9E798-7311-4A89-B0DF-2E3E56D63C61}.Debug|Any CPU.ActiveCfg = Debug|Any CPU
		{23E9E798-7311-4A89-B0DF-2E3E56D63C61}.Debug|Any CPU.Build.0 = Debug|Any CPU
		{23E9E798-7311-4A89-B0DF-2E3E56D63C61}.Release|Any CPU.ActiveCfg = Release|Any CPU
		{23E9E798-7311-4A89-B0DF-2E3E56D63C61}.Release|Any CPU.Build.0 = Release|Any CPU
		{B5AE6AC9-EC54-4A44-8A23-D58F04C953B6}.Debug|Any CPU.ActiveCfg = Debug|Any CPU
		{B5AE6AC9-EC54-4A44-8A23-D58F04C953B6}.Debug|Any CPU.Build.0 = Debug|Any CPU
		{B5AE6AC9-EC54-4A44-8A23-D58F04C953B6}.Release|Any CPU.ActiveCfg = Release|Any CPU
		{B5AE6AC9-EC54-4A44-8A23-D58F04C953B6}.Release|Any CPU.Build.0 = Release|Any CPU
		{3053708B-3641-42D8-AE01-465F80D3D6D1}.Debug|Any CPU.ActiveCfg = Debug|Any CPU
		{3053708B-3641-42D8-AE01-465F80D3D6D1}.Debug|Any CPU.Build.0 = Debug|Any CPU
		{3053708B-3641-42D8-AE01-465F80D3D6D1}.Release|Any CPU.ActiveCfg = Release|Any CPU
		{3053708B-3641-42D8-AE01-465F80D3D6D1}.Release|Any CPU.Build.0 = Release|Any CPU
	EndGlobalSection
	GlobalSection(SolutionProperties) = preSolution
		HideSolutionNode = FALSE
	EndGlobalSection
	GlobalSection(ExtensibilityGlobals) = postSolution
		SolutionGuid = {BED58E6D-D88F-4DA2-818C-3D1FCB756028}
	EndGlobalSection
EndGlobal
